
Microsoft Visual Studio Solution File, Format Version 12.00
# Visual Studio Version 17
VisualStudioVersion = 17.6.33829.357
MinimumVisualStudioVersion = 10.0.40219.1
Project("{FAE04EC0-301F-11D3-BF4B-00C04F79EFBC}") = "NMEA", "..\InvernessPark.Utilities.NMEA\NMEA.csproj", "{5BF304AD-F38F-43CF-A81B-D28C14AABAF6}"
EndProject
Project("{9A19103F-16F7-4668-BE54-9A1E7A4F7556}") = "Mapper_v1", "Mapper_v1.csproj", "{8847EDC3-ED2C-47DE-8137-63235E78DFB8}"
EndProject
Project("{9A19103F-16F7-4668-BE54-9A1E7A4F7556}") = "Mapper_v1.Core", "..\Mapper v1.Core\Mapper_v1.Core.csproj", "{810E1EB0-2BC8-41DE-B56F-63DE9BF000FC}"
EndProject
Global
	GlobalSection(SolutionConfigurationPlatforms) = preSolution
		Debug|Any CPU = Debug|Any CPU
		Debug|ARM = Debug|ARM
		Debug|ARM64 = Debug|ARM64
		Debug|x64 = Debug|x64
		Debug|x86 = Debug|x86
		Release|Any CPU = Release|Any CPU
		Release|ARM = Release|ARM
		Release|ARM64 = Release|ARM64
		Release|x64 = Release|x64
		Release|x86 = Release|x86
	EndGlobalSection
	GlobalSection(ProjectConfigurationPlatforms) = postSolution
		{5BF304AD-F38F-43CF-A81B-D28C14AABAF6}.Debug|Any CPU.ActiveCfg = Debug|Any CPU
		{5BF304AD-F38F-43CF-A81B-D28C14AABAF6}.Debug|Any CPU.Build.0 = Debug|Any CPU
		{5BF304AD-F38F-43CF-A81B-D28C14AABAF6}.Debug|ARM.ActiveCfg = Debug|Any CPU
		{5BF304AD-F38F-43CF-A81B-D28C14AABAF6}.Debug|ARM.Build.0 = Debug|Any CPU
		{5BF304AD-F38F-43CF-A81B-D28C14AABAF6}.Debug|ARM64.ActiveCfg = Debug|Any CPU
		{5BF304AD-F38F-43CF-A81B-D28C14AABAF6}.Debug|ARM64.Build.0 = Debug|Any CPU
		{5BF304AD-F38F-43CF-A81B-D28C14AABAF6}.Debug|x64.ActiveCfg = Debug|Any CPU
		{5BF304AD-F38F-43CF-A81B-D28C14AABAF6}.Debug|x64.Build.0 = Debug|Any CPU
		{5BF304AD-F38F-43CF-A81B-D28C14AABAF6}.Debug|x86.ActiveCfg = Debug|Any CPU
		{5BF304AD-F38F-43CF-A81B-D28C14AABAF6}.Debug|x86.Build.0 = Debug|Any CPU
		{5BF304AD-F38F-43CF-A81B-D28C14AABAF6}.Release|Any CPU.ActiveCfg = Release|Any CPU
		{5BF304AD-F38F-43CF-A81B-D28C14AABAF6}.Release|Any CPU.Build.0 = Release|Any CPU
		{5BF304AD-F38F-43CF-A81B-D28C14AABAF6}.Release|ARM.ActiveCfg = Release|Any CPU
		{5BF304AD-F38F-43CF-A81B-D28C14AABAF6}.Release|ARM.Build.0 = Release|Any CPU
		{5BF304AD-F38F-43CF-A81B-D28C14AABAF6}.Release|ARM64.ActiveCfg = Release|Any CPU
		{5BF304AD-F38F-43CF-A81B-D28C14AABAF6}.Release|ARM64.Build.0 = Release|Any CPU
		{5BF304AD-F38F-43CF-A81B-D28C14AABAF6}.Release|x64.ActiveCfg = Release|Any CPU
		{5BF304AD-F38F-43CF-A81B-D28C14AABAF6}.Release|x64.Build.0 = Release|Any CPU
		{5BF304AD-F38F-43CF-A81B-D28C14AABAF6}.Release|x86.ActiveCfg = Release|Any CPU
		{5BF304AD-F38F-43CF-A81B-D28C14AABAF6}.Release|x86.Build.0 = Release|Any CPU
		{8847EDC3-ED2C-47DE-8137-63235E78DFB8}.Debug|Any CPU.ActiveCfg = Debug|Any CPU
		{8847EDC3-ED2C-47DE-8137-63235E78DFB8}.Debug|Any CPU.Build.0 = Debug|Any CPU
		{8847EDC3-ED2C-47DE-8137-63235E78DFB8}.Debug|ARM.ActiveCfg = Debug|Any CPU
		{8847EDC3-ED2C-47DE-8137-63235E78DFB8}.Debug|ARM.Build.0 = Debug|Any CPU
		{8847EDC3-ED2C-47DE-8137-63235E78DFB8}.Debug|ARM64.ActiveCfg = Debug|Any CPU
		{8847EDC3-ED2C-47DE-8137-63235E78DFB8}.Debug|ARM64.Build.0 = Debug|Any CPU
		{8847EDC3-ED2C-47DE-8137-63235E78DFB8}.Debug|x64.ActiveCfg = Debug|Any CPU
		{8847EDC3-ED2C-47DE-8137-63235E78DFB8}.Debug|x64.Build.0 = Debug|Any CPU
		{8847EDC3-ED2C-47DE-8137-63235E78DFB8}.Debug|x86.ActiveCfg = Debug|Any CPU
		{8847EDC3-ED2C-47DE-8137-63235E78DFB8}.Debug|x86.Build.0 = Debug|Any CPU
		{8847EDC3-ED2C-47DE-8137-63235E78DFB8}.Release|Any CPU.ActiveCfg = Release|Any CPU
		{8847EDC3-ED2C-47DE-8137-63235E78DFB8}.Release|Any CPU.Build.0 = Release|Any CPU
		{8847EDC3-ED2C-47DE-8137-63235E78DFB8}.Release|ARM.ActiveCfg = Release|Any CPU
		{8847EDC3-ED2C-47DE-8137-63235E78DFB8}.Release|ARM.Build.0 = Release|Any CPU
		{8847EDC3-ED2C-47DE-8137-63235E78DFB8}.Release|ARM64.ActiveCfg = Release|Any CPU
		{8847EDC3-ED2C-47DE-8137-63235E78DFB8}.Release|ARM64.Build.0 = Release|Any CPU
		{8847EDC3-ED2C-47DE-8137-63235E78DFB8}.Release|x64.ActiveCfg = Release|x64
		{8847EDC3-ED2C-47DE-8137-63235E78DFB8}.Release|x64.Build.0 = Release|x64
		{8847EDC3-ED2C-47DE-8137-63235E78DFB8}.Release|x86.ActiveCfg = Release|x86
		{8847EDC3-ED2C-47DE-8137-63235E78DFB8}.Release|x86.Build.0 = Release|x86
		{810E1EB0-2BC8-41DE-B56F-63DE9BF000FC}.Debug|Any CPU.ActiveCfg = Debug|Any CPU
		{810E1EB0-2BC8-41DE-B56F-63DE9BF000FC}.Debug|Any CPU.Build.0 = Debug|Any CPU
		{810E1EB0-2BC8-41DE-B56F-63DE9BF000FC}.Debug|ARM.ActiveCfg = Debug|Any CPU
		{810E1EB0-2BC8-41DE-B56F-63DE9BF000FC}.Debug|ARM.Build.0 = Debug|Any CPU
		{810E1EB0-2BC8-41DE-B56F-63DE9BF000FC}.Debug|ARM64.ActiveCfg = Debug|Any CPU
		{810E1EB0-2BC8-41DE-B56F-63DE9BF000FC}.Debug|ARM64.Build.0 = Debug|Any CPU
		{810E1EB0-2BC8-41DE-B56F-63DE9BF000FC}.Debug|x64.ActiveCfg = Debug|Any CPU
		{810E1EB0-2BC8-41DE-B56F-63DE9BF000FC}.Debug|x64.Build.0 = Debug|Any CPU
		{810E1EB0-2BC8-41DE-B56F-63DE9BF000FC}.Debug|x86.ActiveCfg = Debug|Any CPU
		{810E1EB0-2BC8-41DE-B56F-63DE9BF000FC}.Debug|x86.Build.0 = Debug|Any CPU
		{810E1EB0-2BC8-41DE-B56F-63DE9BF000FC}.Release|Any CPU.ActiveCfg = Release|Any CPU
		{810E1EB0-2BC8-41DE-B56F-63DE9BF000FC}.Release|Any CPU.Build.0 = Release|Any CPU
		{810E1EB0-2BC8-41DE-B56F-63DE9BF000FC}.Release|ARM.ActiveCfg = Release|Any CPU
		{810E1EB0-2BC8-41DE-B56F-63DE9BF000FC}.Release|ARM.Build.0 = Release|Any CPU
		{810E1EB0-2BC8-41DE-B56F-63DE9BF000FC}.Release|ARM64.ActiveCfg = Release|Any CPU
		{810E1EB0-2BC8-41DE-B56F-63DE9BF000FC}.Release|ARM64.Build.0 = Release|Any CPU
		{810E1EB0-2BC8-41DE-B56F-63DE9BF000FC}.Release|x64.ActiveCfg = Release|Any CPU
		{810E1EB0-2BC8-41DE-B56F-63DE9BF000FC}.Release|x64.Build.0 = Release|Any CPU
		{810E1EB0-2BC8-41DE-B56F-63DE9BF000FC}.Release|x86.ActiveCfg = Release|Any CPU
		{810E1EB0-2BC8-41DE-B56F-63DE9BF000FC}.Release|x86.Build.0 = Release|Any CPU
	EndGlobalSection
	GlobalSection(SolutionProperties) = preSolution
		HideSolutionNode = FALSE
	EndGlobalSection
	GlobalSection(ExtensibilityGlobals) = postSolution
		SolutionGuid = {D2E0094A-9387-412E-84EB-97130CD5E77A}
	EndGlobalSection
EndGlobal
